
Microsoft Visual Studio Solution File, Format Version 12.00
# Visual Studio Version 17
VisualStudioVersion = 17.8.34525.116
MinimumVisualStudioVersion = 10.0.40219.1
Project("{9A19103F-16F7-4668-BE54-9A1E7A4F7556}") = "CompanyManagementAPI", "CompanyManagementAPI.csproj", "{43F0C2D8-0040-4308-8486-B270B3F6A07F}"
EndProject
Project("{9A19103F-16F7-4668-BE54-9A1E7A4F7556}") = "Contracts", "..\Contracts\Contracts.csproj", "{371DDEF0-94F2-409F-8406-4E8E3C561D73}"
EndProject
Project("{9A19103F-16F7-4668-BE54-9A1E7A4F7556}") = "LoggerService", "..\LoggerService\LoggerService.csproj", "{99C676E5-9D54-458C-9398-CD53BD228C20}"
EndProject
Project("{9A19103F-16F7-4668-BE54-9A1E7A4F7556}") = "Entities", "..\Entities\Entities.csproj", "{9DA9BAFA-2CAB-462C-9793-05292FD128F2}"
EndProject
Project("{9A19103F-16F7-4668-BE54-9A1E7A4F7556}") = "Repository", "..\Repository\Repository.csproj", "{331FA06E-A7B6-4955-B1CF-116013AC2C59}"
EndProject
Project("{FAE04EC0-301F-11D3-BF4B-00C04F79EFBC}") = "Service.Contracts", "..\Service.Contracts\Service.Contracts.csproj", "{3343DED3-A087-486F-8539-31B8E149FC3C}"
EndProject
Project("{FAE04EC0-301F-11D3-BF4B-00C04F79EFBC}") = "Service", "..\Service\Service.csproj", "{4401B0AA-1B7A-4C53-92FE-984FA11197C7}"
EndProject
Global
	GlobalSection(SolutionConfigurationPlatforms) = preSolution
		Debug|Any CPU = Debug|Any CPU
		Release|Any CPU = Release|Any CPU
	EndGlobalSection
	GlobalSection(ProjectConfigurationPlatforms) = postSolution
		{43F0C2D8-0040-4308-8486-B270B3F6A07F}.Debug|Any CPU.ActiveCfg = Debug|Any CPU
		{43F0C2D8-0040-4308-8486-B270B3F6A07F}.Debug|Any CPU.Build.0 = Debug|Any CPU
		{43F0C2D8-0040-4308-8486-B270B3F6A07F}.Release|Any CPU.ActiveCfg = Release|Any CPU
		{43F0C2D8-0040-4308-8486-B270B3F6A07F}.Release|Any CPU.Build.0 = Release|Any CPU
		{371DDEF0-94F2-409F-8406-4E8E3C561D73}.Debug|Any CPU.ActiveCfg = Debug|Any CPU
		{371DDEF0-94F2-409F-8406-4E8E3C561D73}.Debug|Any CPU.Build.0 = Debug|Any CPU
		{371DDEF0-94F2-409F-8406-4E8E3C561D73}.Release|Any CPU.ActiveCfg = Release|Any CPU
		{371DDEF0-94F2-409F-8406-4E8E3C561D73}.Release|Any CPU.Build.0 = Release|Any CPU
		{99C676E5-9D54-458C-9398-CD53BD228C20}.Debug|Any CPU.ActiveCfg = Debug|Any CPU
		{99C676E5-9D54-458C-9398-CD53BD228C20}.Debug|Any CPU.Build.0 = Debug|Any CPU
		{99C676E5-9D54-458C-9398-CD53BD228C20}.Release|Any CPU.ActiveCfg = Release|Any CPU
		{99C676E5-9D54-458C-9398-CD53BD228C20}.Release|Any CPU.Build.0 = Release|Any CPU
		{9DA9BAFA-2CAB-462C-9793-05292FD128F2}.Debug|Any CPU.ActiveCfg = Debug|Any CPU
		{9DA9BAFA-2CAB-462C-9793-05292FD128F2}.Debug|Any CPU.Build.0 = Debug|Any CPU
		{9DA9BAFA-2CAB-462C-9793-05292FD128F2}.Release|Any CPU.ActiveCfg = Release|Any CPU
		{9DA9BAFA-2CAB-462C-9793-05292FD128F2}.Release|Any CPU.Build.0 = Release|Any CPU
		{331FA06E-A7B6-4955-B1CF-116013AC2C59}.Debug|Any CPU.ActiveCfg = Debug|Any CPU
		{331FA06E-A7B6-4955-B1CF-116013AC2C59}.Debug|Any CPU.Build.0 = Debug|Any CPU
		{331FA06E-A7B6-4955-B1CF-116013AC2C59}.Release|Any CPU.ActiveCfg = Release|Any CPU
		{331FA06E-A7B6-4955-B1CF-116013AC2C59}.Release|Any CPU.Build.0 = Release|Any CPU
		{3343DED3-A087-486F-8539-31B8E149FC3C}.Debug|Any CPU.ActiveCfg = Debug|Any CPU
		{3343DED3-A087-486F-8539-31B8E149FC3C}.Debug|Any CPU.Build.0 = Debug|Any CPU
		{3343DED3-A087-486F-8539-31B8E149FC3C}.Release|Any CPU.ActiveCfg = Release|Any CPU
		{3343DED3-A087-486F-8539-31B8E149FC3C}.Release|Any CPU.Build.0 = Release|Any CPU
		{4401B0AA-1B7A-4C53-92FE-984FA11197C7}.Debug|Any CPU.ActiveCfg = Debug|Any CPU
		{4401B0AA-1B7A-4C53-92FE-984FA11197C7}.Debug|Any CPU.Build.0 = Debug|Any CPU
		{4401B0AA-1B7A-4C53-92FE-984FA11197C7}.Release|Any CPU.ActiveCfg = Release|Any CPU
		{4401B0AA-1B7A-4C53-92FE-984FA11197C7}.Release|Any CPU.Build.0 = Release|Any CPU
	EndGlobalSection
	GlobalSection(SolutionProperties) = preSolution
		HideSolutionNode = FALSE
	EndGlobalSection
	GlobalSection(ExtensibilityGlobals) = postSolution
		SolutionGuid = {E42CE9E2-B720-428F-81C2-319260E8100A}
	EndGlobalSection
EndGlobal
