
Microsoft Visual Studio Solution File, Format Version 12.00
# Visual Studio Version 17
VisualStudioVersion = 17.8.34525.116
MinimumVisualStudioVersion = 10.0.40219.1
Project("{FAE04EC0-301F-11D3-BF4B-00C04F79EFBC}") = "CompanyManagementAPI", "CompanyManagementAPI.csproj", "{43F0C2D8-0040-4308-8486-B270B3F6A07F}"
EndProject
Global
	GlobalSection(SolutionConfigurationPlatforms) = preSolution
		Debug|Any CPU = Debug|Any CPU
		Release|Any CPU = Release|Any CPU
	EndGlobalSection
	GlobalSection(ProjectConfigurationPlatforms) = postSolution
		{43F0C2D8-0040-4308-8486-B270B3F6A07F}.Debug|Any CPU.ActiveCfg = Debug|Any CPU
		{43F0C2D8-0040-4308-8486-B270B3F6A07F}.Debug|Any CPU.Build.0 = Debug|Any CPU
		{43F0C2D8-0040-4308-8486-B270B3F6A07F}.Release|Any CPU.ActiveCfg = Release|Any CPU
		{43F0C2D8-0040-4308-8486-B270B3F6A07F}.Release|Any CPU.Build.0 = Release|Any CPU
	EndGlobalSection
	GlobalSection(SolutionProperties) = preSolution
		HideSolutionNode = FALSE
	EndGlobalSection
	GlobalSection(ExtensibilityGlobals) = postSolution
		SolutionGuid = {E42CE9E2-B720-428F-81C2-319260E8100A}
	EndGlobalSection
EndGlobal
